
Microsoft Visual Studio Solution File, Format Version 12.00
# Visual Studio Version 17
VisualStudioVersion = 17.8.34316.72
MinimumVisualStudioVersion = 10.0.40219.1
Project("{FAE04EC0-301F-11D3-BF4B-00C04F79EFBC}") = "Leaf similar trees", "Leaf similar trees\Leaf similar trees.csproj", "{7E02ACA3-8C66-49DA-A1D1-F2FC38F2EA10}"
EndProject
Global
	GlobalSection(SolutionConfigurationPlatforms) = preSolution
		Debug|Any CPU = Debug|Any CPU
		Release|Any CPU = Release|Any CPU
	EndGlobalSection
	GlobalSection(ProjectConfigurationPlatforms) = postSolution
		{7E02ACA3-8C66-49DA-A1D1-F2FC38F2EA10}.Debug|Any CPU.ActiveCfg = Debug|Any CPU
		{7E02ACA3-8C66-49DA-A1D1-F2FC38F2EA10}.Debug|Any CPU.Build.0 = Debug|Any CPU
		{7E02ACA3-8C66-49DA-A1D1-F2FC38F2EA10}.Release|Any CPU.ActiveCfg = Release|Any CPU
		{7E02ACA3-8C66-49DA-A1D1-F2FC38F2EA10}.Release|Any CPU.Build.0 = Release|Any CPU
	EndGlobalSection
	GlobalSection(SolutionProperties) = preSolution
		HideSolutionNode = FALSE
	EndGlobalSection
	GlobalSection(ExtensibilityGlobals) = postSolution
		SolutionGuid = {3C275B8A-498B-439F-9555-0BF367F39200}
	EndGlobalSection
EndGlobal
